// !$*UTF8*$!
{
	archiveVersion = 1;
	classes = {
	};
	objectVersion = 46;
	objects = {

/* Begin PBXBuildFile section */
		65E5C2711E6694B400C229C9 /* AppDelegate.swift in Sources */ = {isa = PBXBuildFile; fileRef = 65E5C2701E6694B400C229C9 /* AppDelegate.swift */; };
		65E5C2731E6694B400C229C9 /* Assets.xcassets in Resources */ = {isa = PBXBuildFile; fileRef = 65E5C2721E6694B400C229C9 /* Assets.xcassets */; };
		65E5C2761E6694B400C229C9 /* MainMenu.xib in Resources */ = {isa = PBXBuildFile; fileRef = 65E5C2741E6694B400C229C9 /* MainMenu.xib */; };
/* End PBXBuildFile section */

/* Begin PBXFileReference section */
		65E5C26D1E6694B400C229C9 /* TouchbarRadarSample.app */ = {isa = PBXFileReference; explicitFileType = wrapper.application; includeInIndex = 0; path = TouchbarRadarSample.app; sourceTree = BUILT_PRODUCTS_DIR; };
		65E5C2701E6694B400C229C9 /* AppDelegate.swift */ = {isa = PBXFileReference; lastKnownFileType = sourcecode.swift; path = AppDelegate.swift; sourceTree = "<group>"; };
		65E5C2721E6694B400C229C9 /* Assets.xcassets */ = {isa = PBXFileReference; lastKnownFileType = folder.assetcatalog; path = Assets.xcassets; sourceTree = "<group>"; };
		65E5C2751E6694B400C229C9 /* Base */ = {isa = PBXFileReference; lastKnownFileType = file.xib; name = Base; path = Base.lproj/MainMenu.xib; sourceTree = "<group>"; };
		65E5C2771E6694B400C229C9 /* Info.plist */ = {isa = PBXFileReference; lastKnownFileType = text.plist.xml; path = Info.plist; sourceTree = "<group>"; };
/* End PBXFileReference section */

/* Begin PBXFrameworksBuildPhase section */
		65E5C26A1E6694B400C229C9 /* Frameworks */ = {
			isa = PBXFrameworksBuildPhase;
			buildActionMask = 2147483647;
			files = (
			);
			runOnlyForDeploymentPostprocessing = 0;
		};
/* End PBXFrameworksBuildPhase section */

/* Begin PBXGroup section */
		65E5C2641E6694B400C229C9 = {
			isa = PBXGroup;
			children = (
				65E5C26F1E6694B400C229C9 /* TouchbarRadarSample */,
				65E5C26E1E6694B400C229C9 /* Products */,
			);
			sourceTree = "<group>";
		};
		65E5C26E1E6694B400C229C9 /* Products */ = {
			isa = PBXGroup;
			children = (
				65E5C26D1E6694B400C229C9 /* TouchbarRadarSample.app */,
			);
			name = Products;
			sourceTree = "<group>";
		};
		65E5C26F1E6694B400C229C9 /* TouchbarRadarSample */ = {
			isa = PBXGroup;
			children = (
				65E5C2701E6694B400C229C9 /* AppDelegate.swift */,
				65E5C2721E6694B400C229C9 /* Assets.xcassets */,
				65E5C2741E6694B400C229C9 /* MainMenu.xib */,
				65E5C2771E6694B400C229C9 /* Info.plist */,
			);
			path = TouchbarRadarSample;
			sourceTree = "<group>";
		};
/* End PBXGroup section */

/* Begin PBXNativeTarget section */
		65E5C26C1E6694B400C229C9 /* TouchbarRadarSample */ = {
			isa = PBXNativeTarget;
			buildConfigurationList = 65E5C27A1E6694B400C229C9 /* Build configuration list for PBXNativeTarget "TouchbarRadarSample" */;
			buildPhases = (
				65E5C2691E6694B400C229C9 /* Sources */,
				65E5C26A1E6694B400C229C9 /* Frameworks */,
				65E5C26B1E6694B400C229C9 /* Resources */,
			);
			buildRules = (
			);
			dependencies = (
			);
			name = TouchbarRadarSample;
			productName = TouchbarRadarSample;
			productReference = 65E5C26D1E6694B400C229C9 /* TouchbarRadarSample.app */;
			productType = "com.apple.product-type.application";
		};
/* End PBXNativeTarget section */

/* Begin PBXProject section */
		65E5C2651E6694B400C229C9 /* Project object */ = {
			isa = PBXProject;
			attributes = {
				LastSwiftUpdateCheck = 0820;
				LastUpgradeCheck = 0820;
				ORGANIZATIONNAME = "Daniel Hammond";
				TargetAttributes = {
					65E5C26C1E6694B400C229C9 = {
						CreatedOnToolsVersion = 8.2;
						DevelopmentTeam = 96XQ478DSL;
						ProvisioningStyle = Automatic;
					};
				};
			};
			buildConfigurationList = 65E5C2681E6694B400C229C9 /* Build configuration list for PBXProject "TouchbarRadarSample" */;
			compatibilityVersion = "Xcode 3.2";
			developmentRegion = English;
			hasScannedForEncodings = 0;
			knownRegions = (
				en,
				Base,
			);
			mainGroup = 65E5C2641E6694B400C229C9;
			productRefGroup = 65E5C26E1E6694B400C229C9 /* Products */;
			projectDirPath = "";
			projectRoot = "";
			targets = (
				65E5C26C1E6694B400C229C9 /* TouchbarRadarSample */,
			);
		};
/* End PBXProject section */

/* Begin PBXResourcesBuildPhase section */
		65E5C26B1E6694B400C229C9 /* Resources */ = {
			isa = PBXResourcesBuildPhase;
			buildActionMask = 2147483647;
			files = (
				65E5C2731E6694B400C229C9 /* Assets.xcassets in Resources */,
				65E5C2761E6694B400C229C9 /* MainMenu.xib in Resources */,
			);
			runOnlyForDeploymentPostprocessing = 0;
		};
/* End PBXResourcesBuildPhase section */

/* Begin PBXSourcesBuildPhase section */
		65E5C2691E6694B400C229C9 /* Sources */ = {
			isa = PBXSourcesBuildPhase;
			buildActionMask = 2147483647;
			files = (
				65E5C2711E6694B400C229C9 /* AppDelegate.swift in Sources */,
			);
			runOnlyForDeploymentPostprocessing = 0;
		};
/* End PBXSourcesBuildPhase section */

/* Begin PBXVariantGroup section */
		65E5C2741E6694B400C229C9 /* MainMenu.xib */ = {
			isa = PBXVariantGroup;
			children = (
				65E5C2751E6694B400C229C9 /* Base */,
			);
			name = MainMenu.xib;
			sourceTree = "<group>";
		};
/* End PBXVariantGroup section */

/* Begin XCBuildConfiguration section */
		65E5C2781E6694B400C229C9 /* Debug */ = {
			isa = XCBuildConfiguration;
			buildSettings = {
				ALWAYS_SEARCH_USER_PATHS = NO;
				CLANG_ANALYZER_NONNULL = YES;
				CLANG_CXX_LANGUAGE_STANDARD = "gnu++0x";
				CLANG_CXX_LIBRARY = "libc++";
				CLANG_ENABLE_MODULES = YES;
				CLANG_ENABLE_OBJC_ARC = YES;
				CLANG_WARN_BOOL_CONVERSION = YES;
				CLANG_WARN_CONSTANT_CONVERSION = YES;
				CLANG_WARN_DIRECT_OBJC_ISA_USAGE = YES_ERROR;
				CLANG_WARN_DOCUMENTATION_COMMENTS = YES;
				CLANG_WARN_EMPTY_BODY = YES;
				CLANG_WARN_ENUM_CONVERSION = YES;
				CLANG_WARN_INFINITE_RECURSION = YES;
				CLANG_WARN_INT_CONVERSION = YES;
				CLANG_WARN_OBJC_ROOT_CLASS = YES_ERROR;
				CLANG_WARN_SUSPICIOUS_MOVE = YES;
				CLANG_WARN_UNREACHABLE_CODE = YES;
				CLANG_WARN__DUPLICATE_METHOD_MATCH = YES;
				CODE_SIGN_IDENTITY = "-";
				COPY_PHASE_STRIP = NO;
				DEBUG_INFORMATION_FORMAT = dwarf;
				ENABLE_STRICT_OBJC_MSGSEND = YES;
				ENABLE_TESTABILITY = YES;
				GCC_C_LANGUAGE_STANDARD = gnu99;
				GCC_DYNAMIC_NO_PIC = NO;
				GCC_NO_COMMON_BLOCKS = YES;
				GCC_OPTIMIZATION_LEVEL = 0;
				GCC_PREPROCESSOR_DEFINITIONS = (
					"DEBUG=1",
					"$(inherited)",
				);
				GCC_WARN_64_TO_32_BIT_CONVERSION = YES;
				GCC_WARN_ABOUT_RETURN_TYPE = YES_ERROR;
				GCC_WARN_UNDECLARED_SELECTOR = YES;
				GCC_WARN_UNINITIALIZED_AUTOS = YES_AGGRESSIVE;
				GCC_WARN_UNUSED_FUNCTION = YES;
				GCC_WARN_UNUSED_VARIABLE = YES;
				MACOSX_DEPLOYMENT_TARGET = 10.12;
				MTL_ENABLE_DEBUG_INFO = YES;
				ONLY_ACTIVE_ARCH = YES;
				SDKROOT = macosx;
				SWIFT_ACTIVE_COMPILATION_CONDITIONS = DEBUG;
				SWIFT_OPTIMIZATION_LEVEL = "-Onone";
			};
			name = Debug;
		};
		65E5C2791E6694B400C229C9 /* Release */ = {
			isa = XCBuildConfiguration;
			buildSettings = {
				ALWAYS_SEARCH_USER_PATHS = NO;
				CLANG_ANALYZER_NONNULL = YES;
				CLANG_CXX_LANGUAGE_STANDARD = "gnu++0x";
				CLANG_CXX_LIBRARY = "libc++";
				CLANG_ENABLE_MODULES = YES;
				CLANG_ENABLE_OBJC_ARC = YES;
				CLANG_WARN_BOOL_CONVERSION = YES;
				CLANG_WARN_CONSTANT_CONVERSION = YES;
				CLANG_WARN_DIRECT_OBJC_ISA_USAGE = YES_ERROR;
				CLANG_WARN_DOCUMENTATION_COMMENTS = YES;
				CLANG_WARN_EMPTY_BODY = YES;
				CLANG_WARN_ENUM_CONVERSION = YES;
				CLANG_WARN_INFINITE_RECURSION = YES;
				CLANG_WARN_INT_CONVERSION = YES;
				CLANG_WARN_OBJC_ROOT_CLASS = YES_ERROR;
				CLANG_WARN_SUSPICIOUS_MOVE = YES;
				CLANG_WARN_UNREACHABLE_CODE = YES;
				CLANG_WARN__DUPLICATE_METHOD_MATCH = YES;
				CODE_SIGN_IDENTITY = "-";
				COPY_PHASE_STRIP = NO;
				DEBUG_INFORMATION_FORMAT = "dwarf-with-dsym";
				ENABLE_NS_ASSERTIONS = NO;
				ENABLE_STRICT_OBJC_MSGSEND = YES;
				GCC_C_LANGUAGE_STANDARD = gnu99;
				GCC_NO_COMMON_BLOCKS = YES;
				GCC_WARN_64_TO_32_BIT_CONVERSION = YES;
				GCC_WARN_ABOUT_RETURN_TYPE = YES_ERROR;
				GCC_WARN_UNDECLARED_SELECTOR = YES;
				GCC_WARN_UNINITIALIZED_AUTOS = YES_AGGRESSIVE;
				GCC_WARN_UNUSED_FUNCTION = YES;
				GCC_WARN_UNUSED_VARIABLE = YES;
				MACOSX_DEPLOYMENT_TARGET = 10.12;
				MTL_ENABLE_DEBUG_INFO = NO;
				SDKROOT = macosx;
				SWIFT_OPTIMIZATION_LEVEL = "-Owholemodule";
			};
			name = Release;
		};
		65E5C27B1E6694B400C229C9 /* Debug */ = {
			isa = XCBuildConfiguration;
			buildSettings = {
				ASSETCATALOG_COMPILER_APPICON_NAME = AppIcon;
				COMBINE_HIDPI_IMAGES = YES;
				DEVELOPMENT_TEAM = 96XQ478DSL;
				INFOPLIST_FILE = TouchbarRadarSample/Info.plist;
				LD_RUNPATH_SEARCH_PATHS = "$(inherited) @executable_path/../Frameworks";
				PRODUCT_BUNDLE_IDENTIFIER = com.danielrhammond.TouchbarRadarSample;
				PRODUCT_NAME = "$(TARGET_NAME)";
				SWIFT_VERSION = 3.0;
			};
			name = Debug;
		};
		65E5C27C1E6694B400C229C9 /* Release */ = {
			isa = XCBuildConfiguration;
			buildSettings = {
				ASSETCATALOG_COMPILER_APPICON_NAME = AppIcon;
				COMBINE_HIDPI_IMAGES = YES;
				DEVELOPMENT_TEAM = 96XQ478DSL;
				INFOPLIST_FILE = TouchbarRadarSample/Info.plist;
				LD_RUNPATH_SEARCH_PATHS = "$(inherited) @executable_path/../Frameworks";
				PRODUCT_BUNDLE_IDENTIFIER = com.danielrhammond.TouchbarRadarSample;
				PRODUCT_NAME = "$(TARGET_NAME)";
				SWIFT_VERSION = 3.0;
			};
			name = Release;
		};
/* End XCBuildConfiguration section */

/* Begin XCConfigurationList section */
		65E5C2681E6694B400C229C9 /* Build configuration list for PBXProject "TouchbarRadarSample" */ = {
			isa = XCConfigurationList;
			buildConfigurations = (
				65E5C2781E6694B400C229C9 /* Debug */,
				65E5C2791E6694B400C229C9 /* Release */,
			);
			defaultConfigurationIsVisible = 0;
			defaultConfigurationName = Release;
		};
		65E5C27A1E6694B400C229C9 /* Build configuration list for PBXNativeTarget "TouchbarRadarSample" */ = {
			isa = XCConfigurationList;
			buildConfigurations = (
				65E5C27B1E6694B400C229C9 /* Debug */,
				65E5C27C1E6694B400C229C9 /* Release */,
			);
			defaultConfigurationIsVisible = 0;
		};
/* End XCConfigurationList section */
	};
	rootObject = 65E5C2651E6694B400C229C9 /* Project object */;
}
